{
  "name": "EC-react",
  "lockfileVersion": 2,
  "requires": true,
  "packages": {
    "": {
      "dependencies": {
        "bootstrap": "^3.1.1"
      }
    },
    "node_modules/bootstrap": {
      "version": "3.1.1",
      "resolved": "https://registry.npmjs.org/bootstrap/-/bootstrap-3.1.1.tgz",
      "integrity": "sha1-F+FO0mHA/Nm1LqmqZCD21RzV+nc="
    }
  },
  "dependencies": {
    "bootstrap": {
      "version": "3.1.1",
      "resolved": "https://registry.npmjs.org/bootstrap/-/bootstrap-3.1.1.tgz",
      "integrity": "sha1-F+FO0mHA/Nm1LqmqZCD21RzV+nc="
    }
  }
}
